
Microsoft Visual Studio Solution File, Format Version 12.00
# Visual Studio Version 16
VisualStudioVersion = 16.0.30114.105
MinimumVisualStudioVersion = 10.0.40219.1
Project("{9A19103F-16F7-4668-BE54-9A1E7A4F7556}") = "TabletopSimulatorModHelper", "TabletopSimulatorModHelper\TabletopSimulatorModHelper.csproj", "{B211FAB2-6A28-4054-8EDA-96023219CD26}"
EndProject
Project("{9A19103F-16F7-4668-BE54-9A1E7A4F7556}") = "TabletopSimulatorModHelper.Tests", "TabletopSimulatorModHelper.Tests\TabletopSimulatorModHelper.Tests.csproj", "{4393F85B-F989-440C-AF61-6EEAFCE350B9}"
EndProject
Global
	GlobalSection(SolutionConfigurationPlatforms) = preSolution
		Debug|Any CPU = Debug|Any CPU
		Release|Any CPU = Release|Any CPU
	EndGlobalSection
	GlobalSection(ProjectConfigurationPlatforms) = postSolution
		{B211FAB2-6A28-4054-8EDA-96023219CD26}.Debug|Any CPU.ActiveCfg = Debug|Any CPU
		{B211FAB2-6A28-4054-8EDA-96023219CD26}.Debug|Any CPU.Build.0 = Debug|Any CPU
		{B211FAB2-6A28-4054-8EDA-96023219CD26}.Release|Any CPU.ActiveCfg = Release|Any CPU
		{B211FAB2-6A28-4054-8EDA-96023219CD26}.Release|Any CPU.Build.0 = Release|Any CPU
		{4393F85B-F989-440C-AF61-6EEAFCE350B9}.Debug|Any CPU.ActiveCfg = Debug|Any CPU
		{4393F85B-F989-440C-AF61-6EEAFCE350B9}.Debug|Any CPU.Build.0 = Debug|Any CPU
		{4393F85B-F989-440C-AF61-6EEAFCE350B9}.Release|Any CPU.ActiveCfg = Release|Any CPU
		{4393F85B-F989-440C-AF61-6EEAFCE350B9}.Release|Any CPU.Build.0 = Release|Any CPU
	EndGlobalSection
	GlobalSection(SolutionProperties) = preSolution
		HideSolutionNode = FALSE
	EndGlobalSection
	GlobalSection(ExtensibilityGlobals) = postSolution
		SolutionGuid = {7000309D-E3A7-4478-A62B-97C1A798B3ED}
	EndGlobalSection
EndGlobal
